
Microsoft Visual Studio Solution File, Format Version 12.00
# Visual Studio Version 16
VisualStudioVersion = 16.0.30907.101
MinimumVisualStudioVersion = 10.0.40219.1
Project("{FAE04EC0-301F-11D3-BF4B-00C04F79EFBC}") = "01 Web Programming Introduction", "01 Web Programming Introduction\01 Web Programming Introduction.csproj", "{21E8E626-0ECF-4CE1-B2A6-E4588F212870}"
EndProject
Global
	GlobalSection(SolutionConfigurationPlatforms) = preSolution
		Debug|Any CPU = Debug|Any CPU
		Release|Any CPU = Release|Any CPU
	EndGlobalSection
	GlobalSection(ProjectConfigurationPlatforms) = postSolution
		{21E8E626-0ECF-4CE1-B2A6-E4588F212870}.Debug|Any CPU.ActiveCfg = Debug|Any CPU
		{21E8E626-0ECF-4CE1-B2A6-E4588F212870}.Debug|Any CPU.Build.0 = Debug|Any CPU
		{21E8E626-0ECF-4CE1-B2A6-E4588F212870}.Release|Any CPU.ActiveCfg = Release|Any CPU
		{21E8E626-0ECF-4CE1-B2A6-E4588F212870}.Release|Any CPU.Build.0 = Release|Any CPU
	EndGlobalSection
	GlobalSection(SolutionProperties) = preSolution
		HideSolutionNode = FALSE
	EndGlobalSection
	GlobalSection(ExtensibilityGlobals) = postSolution
		SolutionGuid = {7C236043-6E03-4CB6-ACAE-6419472F786D}
	EndGlobalSection
EndGlobal
